{
  "name": "git-gosling",
  "version": "0.0.0",
  "lockfileVersion": 3,
  "requires": true,
  "packages": {
    "": {
      "name": "git-gosling",
      "version": "0.0.0",
      "devDependencies": {
        "husky": "9.0.6",
        "prettier": "3.2.4"
      }
    },
    "node_modules/husky": {
      "version": "9.0.6",
      "resolved": "https://registry.npmjs.org/husky/-/husky-9.0.6.tgz",
      "integrity": "sha512-EEuw/rfTiMjOfuL7pGO/i9otg1u36TXxqjIA6D9qxVjd/UXoDOsLor/BSFf5hTK50shwzCU3aVVwdXDp/lp7RA==",
      "dev": true,
      "bin": {
        "husky": "bin.js"
      },
      "engines": {
        "node": ">=18"
      },
      "funding": {
        "url": "https://github.com/sponsors/typicode"
      }
    },
    "node_modules/prettier": {
      "version": "3.2.4",
      "resolved": "https://registry.npmjs.org/prettier/-/prettier-3.2.4.tgz",
      "integrity": "sha512-FWu1oLHKCrtpO1ypU6J0SbK2d9Ckwysq6bHj/uaCP26DxrPpppCLQRGVuqAxSTvhF00AcvDRyYrLNW7ocBhFFQ==",
      "dev": true,
      "bin": {
        "prettier": "bin/prettier.cjs"
      },
      "engines": {
        "node": ">=14"
      },
      "funding": {
        "url": "https://github.com/prettier/prettier?sponsor=1"
      }
    }
  }
}
